// !$*UTF8*$!
{
	archiveVersion = 1;
	classes = {
	};
	objectVersion = 46;
	objects = {

/* Begin PBXBuildFile section */
		491D3EEC1CC9494F00255EC5 /* main.m in Sources */ = {isa = PBXBuildFile; fileRef = 491D3EEB1CC9494F00255EC5 /* main.m */; };
		491D3EEF1CC9494F00255EC5 /* AppDelegate.m in Sources */ = {isa = PBXBuildFile; fileRef = 491D3EEE1CC9494F00255EC5 /* AppDelegate.m */; };
		491D3EF21CC9494F00255EC5 /* ViewController.m in Sources */ = {isa = PBXBuildFile; fileRef = 491D3EF11CC9494F00255EC5 /* ViewController.m */; };
		491D3EF51CC9494F00255EC5 /* Main.storyboard in Resources */ = {isa = PBXBuildFile; fileRef = 491D3EF31CC9494F00255EC5 /* Main.storyboard */; };
		491D3EF81CC9494F00255EC5 /* Remember_the_Blackouts.xcdatamodeld in Sources */ = {isa = PBXBuildFile; fileRef = 491D3EF61CC9494F00255EC5 /* Remember_the_Blackouts.xcdatamodeld */; };
		491D3EFA1CC9494F00255EC5 /* Assets.xcassets in Resources */ = {isa = PBXBuildFile; fileRef = 491D3EF91CC9494F00255EC5 /* Assets.xcassets */; };
		491D3EFD1CC9494F00255EC5 /* LaunchScreen.storyboard in Resources */ = {isa = PBXBuildFile; fileRef = 491D3EFB1CC9494F00255EC5 /* LaunchScreen.storyboard */; };
		491D3F1F1CC95BF400255EC5 /* LocationViewController.m in Sources */ = {isa = PBXBuildFile; fileRef = 491D3F1E1CC95BF400255EC5 /* LocationViewController.m */; };
		499753E31CCDA2E700C015F3 /* Drink+CoreDataProperties.m in Sources */ = {isa = PBXBuildFile; fileRef = 499753DC1CCDA2E700C015F3 /* Drink+CoreDataProperties.m */; };
		499753E41CCDA2E700C015F3 /* Drink.m in Sources */ = {isa = PBXBuildFile; fileRef = 499753DE1CCDA2E700C015F3 /* Drink.m */; };
		499753E51CCDA2E700C015F3 /* Occasion+CoreDataProperties.m in Sources */ = {isa = PBXBuildFile; fileRef = 499753E01CCDA2E700C015F3 /* Occasion+CoreDataProperties.m */; };
		499753E61CCDA2E700C015F3 /* Occasion.m in Sources */ = {isa = PBXBuildFile; fileRef = 499753E21CCDA2E700C015F3 /* Occasion.m */; };
		49D9E87D1CCAAA9900BFF476 /* DrinkViewController.m in Sources */ = {isa = PBXBuildFile; fileRef = 49D9E87C1CCAAA9900BFF476 /* DrinkViewController.m */; };
/* End PBXBuildFile section */

/* Begin PBXFileReference section */
		491D3EE71CC9494F00255EC5 /* Remember the Blackouts.app */ = {isa = PBXFileReference; explicitFileType = wrapper.application; includeInIndex = 0; path = "Remember the Blackouts.app"; sourceTree = BUILT_PRODUCTS_DIR; };
		491D3EEB1CC9494F00255EC5 /* main.m */ = {isa = PBXFileReference; lastKnownFileType = sourcecode.c.objc; path = main.m; sourceTree = "<group>"; };
		491D3EED1CC9494F00255EC5 /* AppDelegate.h */ = {isa = PBXFileReference; lastKnownFileType = sourcecode.c.h; path = AppDelegate.h; sourceTree = "<group>"; };
		491D3EEE1CC9494F00255EC5 /* AppDelegate.m */ = {isa = PBXFileReference; lastKnownFileType = sourcecode.c.objc; path = AppDelegate.m; sourceTree = "<group>"; };
		491D3EF01CC9494F00255EC5 /* ViewController.h */ = {isa = PBXFileReference; lastKnownFileType = sourcecode.c.h; path = ViewController.h; sourceTree = "<group>"; };
		491D3EF11CC9494F00255EC5 /* ViewController.m */ = {isa = PBXFileReference; lastKnownFileType = sourcecode.c.objc; path = ViewController.m; sourceTree = "<group>"; };
		491D3EF41CC9494F00255EC5 /* Base */ = {isa = PBXFileReference; lastKnownFileType = file.storyboard; name = Base; path = Base.lproj/Main.storyboard; sourceTree = "<group>"; };
		491D3EF71CC9494F00255EC5 /* Remember_the_Blackouts.xcdatamodel */ = {isa = PBXFileReference; lastKnownFileType = wrapper.xcdatamodel; path = Remember_the_Blackouts.xcdatamodel; sourceTree = "<group>"; };
		491D3EF91CC9494F00255EC5 /* Assets.xcassets */ = {isa = PBXFileReference; lastKnownFileType = folder.assetcatalog; path = Assets.xcassets; sourceTree = "<group>"; };
		491D3EFC1CC9494F00255EC5 /* Base */ = {isa = PBXFileReference; lastKnownFileType = file.storyboard; name = Base; path = Base.lproj/LaunchScreen.storyboard; sourceTree = "<group>"; };
		491D3EFE1CC9494F00255EC5 /* Info.plist */ = {isa = PBXFileReference; lastKnownFileType = text.plist.xml; path = Info.plist; sourceTree = "<group>"; };
		491D3F1D1CC95BF400255EC5 /* LocationViewController.h */ = {isa = PBXFileReference; fileEncoding = 4; lastKnownFileType = sourcecode.c.h; path = LocationViewController.h; sourceTree = "<group>"; };
		491D3F1E1CC95BF400255EC5 /* LocationViewController.m */ = {isa = PBXFileReference; fileEncoding = 4; lastKnownFileType = sourcecode.c.objc; path = LocationViewController.m; sourceTree = "<group>"; };
		499753DB1CCDA2E700C015F3 /* Drink+CoreDataProperties.h */ = {isa = PBXFileReference; fileEncoding = 4; lastKnownFileType = sourcecode.c.h; path = "Drink+CoreDataProperties.h"; sourceTree = "<group>"; };
		499753DC1CCDA2E700C015F3 /* Drink+CoreDataProperties.m */ = {isa = PBXFileReference; fileEncoding = 4; lastKnownFileType = sourcecode.c.objc; path = "Drink+CoreDataProperties.m"; sourceTree = "<group>"; };
		499753DD1CCDA2E700C015F3 /* Drink.h */ = {isa = PBXFileReference; fileEncoding = 4; lastKnownFileType = sourcecode.c.h; path = Drink.h; sourceTree = "<group>"; };
		499753DE1CCDA2E700C015F3 /* Drink.m */ = {isa = PBXFileReference; fileEncoding = 4; lastKnownFileType = sourcecode.c.objc; path = Drink.m; sourceTree = "<group>"; };
		499753DF1CCDA2E700C015F3 /* Occasion+CoreDataProperties.h */ = {isa = PBXFileReference; fileEncoding = 4; lastKnownFileType = sourcecode.c.h; path = "Occasion+CoreDataProperties.h"; sourceTree = "<group>"; };
		499753E01CCDA2E700C015F3 /* Occasion+CoreDataProperties.m */ = {isa = PBXFileReference; fileEncoding = 4; lastKnownFileType = sourcecode.c.objc; path = "Occasion+CoreDataProperties.m"; sourceTree = "<group>"; };
		499753E11CCDA2E700C015F3 /* Occasion.h */ = {isa = PBXFileReference; fileEncoding = 4; lastKnownFileType = sourcecode.c.h; path = Occasion.h; sourceTree = "<group>"; };
		499753E21CCDA2E700C015F3 /* Occasion.m */ = {isa = PBXFileReference; fileEncoding = 4; lastKnownFileType = sourcecode.c.objc; path = Occasion.m; sourceTree = "<group>"; };
		49D9E87B1CCAAA9900BFF476 /* DrinkViewController.h */ = {isa = PBXFileReference; fileEncoding = 4; lastKnownFileType = sourcecode.c.h; path = DrinkViewController.h; sourceTree = "<group>"; };
		49D9E87C1CCAAA9900BFF476 /* DrinkViewController.m */ = {isa = PBXFileReference; fileEncoding = 4; lastKnownFileType = sourcecode.c.objc; path = DrinkViewController.m; sourceTree = "<group>"; };
/* End PBXFileReference section */

/* Begin PBXFrameworksBuildPhase section */
		491D3EE41CC9494F00255EC5 /* Frameworks */ = {
			isa = PBXFrameworksBuildPhase;
			buildActionMask = 2147483647;
			files = (
			);
			runOnlyForDeploymentPostprocessing = 0;
		};
/* End PBXFrameworksBuildPhase section */

/* Begin PBXGroup section */
		491D3EDE1CC9494F00255EC5 = {
			isa = PBXGroup;
			children = (
				491D3EE91CC9494F00255EC5 /* Remember the Blackouts */,
				491D3EE81CC9494F00255EC5 /* Products */,
			);
			sourceTree = "<group>";
		};
		491D3EE81CC9494F00255EC5 /* Products */ = {
			isa = PBXGroup;
			children = (
				491D3EE71CC9494F00255EC5 /* Remember the Blackouts.app */,
			);
			name = Products;
			sourceTree = "<group>";
		};
		491D3EE91CC9494F00255EC5 /* Remember the Blackouts */ = {
			isa = PBXGroup;
			children = (
				491D3EED1CC9494F00255EC5 /* AppDelegate.h */,
				491D3EEE1CC9494F00255EC5 /* AppDelegate.m */,
				491D3EF01CC9494F00255EC5 /* ViewController.h */,
				491D3EF11CC9494F00255EC5 /* ViewController.m */,
				491D3F1D1CC95BF400255EC5 /* LocationViewController.h */,
				491D3F1E1CC95BF400255EC5 /* LocationViewController.m */,
				491D3EF31CC9494F00255EC5 /* Main.storyboard */,
				49D9E87B1CCAAA9900BFF476 /* DrinkViewController.h */,
				49D9E87C1CCAAA9900BFF476 /* DrinkViewController.m */,
				491D3EF91CC9494F00255EC5 /* Assets.xcassets */,
				491D3EFB1CC9494F00255EC5 /* LaunchScreen.storyboard */,
				491D3EFE1CC9494F00255EC5 /* Info.plist */,
				491D3EF61CC9494F00255EC5 /* Remember_the_Blackouts.xcdatamodeld */,
				491D3F101CC94A6F00255EC5 /* Data */,
				491D3EEA1CC9494F00255EC5 /* Supporting Files */,
			);
			path = "Remember the Blackouts";
			sourceTree = "<group>";
		};
		491D3EEA1CC9494F00255EC5 /* Supporting Files */ = {
			isa = PBXGroup;
			children = (
				491D3EEB1CC9494F00255EC5 /* main.m */,
			);
			name = "Supporting Files";
			sourceTree = "<group>";
		};
		491D3F101CC94A6F00255EC5 /* Data */ = {
			isa = PBXGroup;
			children = (
				499753DB1CCDA2E700C015F3 /* Drink+CoreDataProperties.h */,
				499753DC1CCDA2E700C015F3 /* Drink+CoreDataProperties.m */,
				499753DD1CCDA2E700C015F3 /* Drink.h */,
				499753DE1CCDA2E700C015F3 /* Drink.m */,
				499753DF1CCDA2E700C015F3 /* Occasion+CoreDataProperties.h */,
				499753E01CCDA2E700C015F3 /* Occasion+CoreDataProperties.m */,
				499753E11CCDA2E700C015F3 /* Occasion.h */,
				499753E21CCDA2E700C015F3 /* Occasion.m */,
			);
			name = Data;
			sourceTree = "<group>";
		};
/* End PBXGroup section */

/* Begin PBXNativeTarget section */
		491D3EE61CC9494F00255EC5 /* Remember the Blackouts */ = {
			isa = PBXNativeTarget;
			buildConfigurationList = 491D3F011CC9494F00255EC5 /* Build configuration list for PBXNativeTarget "Remember the Blackouts" */;
			buildPhases = (
				491D3EE31CC9494F00255EC5 /* Sources */,
				491D3EE41CC9494F00255EC5 /* Frameworks */,
				491D3EE51CC9494F00255EC5 /* Resources */,
			);
			buildRules = (
			);
			dependencies = (
			);
			name = "Remember the Blackouts";
			productName = "Remember the Blackouts";
			productReference = 491D3EE71CC9494F00255EC5 /* Remember the Blackouts.app */;
			productType = "com.apple.product-type.application";
		};
/* End PBXNativeTarget section */

/* Begin PBXProject section */
		491D3EDF1CC9494F00255EC5 /* Project object */ = {
			isa = PBXProject;
			attributes = {
				LastUpgradeCheck = 0730;
				ORGANIZATIONNAME = AndrewConrad;
				TargetAttributes = {
					491D3EE61CC9494F00255EC5 = {
						CreatedOnToolsVersion = 7.3;
						DevelopmentTeam = TYEMF78S4K;
					};
				};
			};
			buildConfigurationList = 491D3EE21CC9494F00255EC5 /* Build configuration list for PBXProject "Remember the Blackouts" */;
			compatibilityVersion = "Xcode 3.2";
			developmentRegion = English;
			hasScannedForEncodings = 0;
			knownRegions = (
				en,
				Base,
			);
			mainGroup = 491D3EDE1CC9494F00255EC5;
			productRefGroup = 491D3EE81CC9494F00255EC5 /* Products */;
			projectDirPath = "";
			projectRoot = "";
			targets = (
				491D3EE61CC9494F00255EC5 /* Remember the Blackouts */,
			);
		};
/* End PBXProject section */

/* Begin PBXResourcesBuildPhase section */
		491D3EE51CC9494F00255EC5 /* Resources */ = {
			isa = PBXResourcesBuildPhase;
			buildActionMask = 2147483647;
			files = (
				491D3EFD1CC9494F00255EC5 /* LaunchScreen.storyboard in Resources */,
				491D3EFA1CC9494F00255EC5 /* Assets.xcassets in Resources */,
				491D3EF51CC9494F00255EC5 /* Main.storyboard in Resources */,
			);
			runOnlyForDeploymentPostprocessing = 0;
		};
/* End PBXResourcesBuildPhase section */

/* Begin PBXSourcesBuildPhase section */
		491D3EE31CC9494F00255EC5 /* Sources */ = {
			isa = PBXSourcesBuildPhase;
			buildActionMask = 2147483647;
			files = (
				491D3EF21CC9494F00255EC5 /* ViewController.m in Sources */,
				49D9E87D1CCAAA9900BFF476 /* DrinkViewController.m in Sources */,
				499753E61CCDA2E700C015F3 /* Occasion.m in Sources */,
				499753E41CCDA2E700C015F3 /* Drink.m in Sources */,
				499753E51CCDA2E700C015F3 /* Occasion+CoreDataProperties.m in Sources */,
				491D3F1F1CC95BF400255EC5 /* LocationViewController.m in Sources */,
				491D3EF81CC9494F00255EC5 /* Remember_the_Blackouts.xcdatamodeld in Sources */,
				491D3EEF1CC9494F00255EC5 /* AppDelegate.m in Sources */,
				491D3EEC1CC9494F00255EC5 /* main.m in Sources */,
				499753E31CCDA2E700C015F3 /* Drink+CoreDataProperties.m in Sources */,
			);
			runOnlyForDeploymentPostprocessing = 0;
		};
/* End PBXSourcesBuildPhase section */

/* Begin PBXVariantGroup section */
		491D3EF31CC9494F00255EC5 /* Main.storyboard */ = {
			isa = PBXVariantGroup;
			children = (
				491D3EF41CC9494F00255EC5 /* Base */,
			);
			name = Main.storyboard;
			sourceTree = "<group>";
		};
		491D3EFB1CC9494F00255EC5 /* LaunchScreen.storyboard */ = {
			isa = PBXVariantGroup;
			children = (
				491D3EFC1CC9494F00255EC5 /* Base */,
			);
			name = LaunchScreen.storyboard;
			sourceTree = "<group>";
		};
/* End PBXVariantGroup section */

/* Begin XCBuildConfiguration section */
		491D3EFF1CC9494F00255EC5 /* Debug */ = {
			isa = XCBuildConfiguration;
			buildSettings = {
				ALWAYS_SEARCH_USER_PATHS = NO;
				CLANG_ANALYZER_NONNULL = YES;
				CLANG_CXX_LANGUAGE_STANDARD = "gnu++0x";
				CLANG_CXX_LIBRARY = "libc++";
				CLANG_ENABLE_MODULES = YES;
				CLANG_ENABLE_OBJC_ARC = YES;
				CLANG_WARN_BOOL_CONVERSION = YES;
				CLANG_WARN_CONSTANT_CONVERSION = YES;
				CLANG_WARN_DIRECT_OBJC_ISA_USAGE = YES_ERROR;
				CLANG_WARN_EMPTY_BODY = YES;
				CLANG_WARN_ENUM_CONVERSION = YES;
				CLANG_WARN_INT_CONVERSION = YES;
				CLANG_WARN_OBJC_ROOT_CLASS = YES_ERROR;
				CLANG_WARN_UNREACHABLE_CODE = YES;
				CLANG_WARN__DUPLICATE_METHOD_MATCH = YES;
				"CODE_SIGN_IDENTITY[sdk=iphoneos*]" = "iPhone Developer";
				COPY_PHASE_STRIP = NO;
				DEBUG_INFORMATION_FORMAT = dwarf;
				ENABLE_STRICT_OBJC_MSGSEND = YES;
				ENABLE_TESTABILITY = YES;
				GCC_C_LANGUAGE_STANDARD = gnu99;
				GCC_DYNAMIC_NO_PIC = NO;
				GCC_NO_COMMON_BLOCKS = YES;
				GCC_OPTIMIZATION_LEVEL = 0;
				GCC_PREPROCESSOR_DEFINITIONS = (
					"DEBUG=1",
					"$(inherited)",
				);
				GCC_WARN_64_TO_32_BIT_CONVERSION = YES;
				GCC_WARN_ABOUT_RETURN_TYPE = YES_ERROR;
				GCC_WARN_UNDECLARED_SELECTOR = YES;
				GCC_WARN_UNINITIALIZED_AUTOS = YES_AGGRESSIVE;
				GCC_WARN_UNUSED_FUNCTION = YES;
				GCC_WARN_UNUSED_VARIABLE = YES;
				IPHONEOS_DEPLOYMENT_TARGET = 9.3;
				MTL_ENABLE_DEBUG_INFO = YES;
				ONLY_ACTIVE_ARCH = YES;
				SDKROOT = iphoneos;
				TARGETED_DEVICE_FAMILY = "1,2";
			};
			name = Debug;
		};
		491D3F001CC9494F00255EC5 /* Release */ = {
			isa = XCBuildConfiguration;
			buildSettings = {
				ALWAYS_SEARCH_USER_PATHS = NO;
				CLANG_ANALYZER_NONNULL = YES;
				CLANG_CXX_LANGUAGE_STANDARD = "gnu++0x";
				CLANG_CXX_LIBRARY = "libc++";
				CLANG_ENABLE_MODULES = YES;
				CLANG_ENABLE_OBJC_ARC = YES;
				CLANG_WARN_BOOL_CONVERSION = YES;
				CLANG_WARN_CONSTANT_CONVERSION = YES;
				CLANG_WARN_DIRECT_OBJC_ISA_USAGE = YES_ERROR;
				CLANG_WARN_EMPTY_BODY = YES;
				CLANG_WARN_ENUM_CONVERSION = YES;
				CLANG_WARN_INT_CONVERSION = YES;
				CLANG_WARN_OBJC_ROOT_CLASS = YES_ERROR;
				CLANG_WARN_UNREACHABLE_CODE = YES;
				CLANG_WARN__DUPLICATE_METHOD_MATCH = YES;
				"CODE_SIGN_IDENTITY[sdk=iphoneos*]" = "iPhone Developer";
				COPY_PHASE_STRIP = NO;
				DEBUG_INFORMATION_FORMAT = "dwarf-with-dsym";
				ENABLE_NS_ASSERTIONS = NO;
				ENABLE_STRICT_OBJC_MSGSEND = YES;
				GCC_C_LANGUAGE_STANDARD = gnu99;
				GCC_NO_COMMON_BLOCKS = YES;
				GCC_WARN_64_TO_32_BIT_CONVERSION = YES;
				GCC_WARN_ABOUT_RETURN_TYPE = YES_ERROR;
				GCC_WARN_UNDECLARED_SELECTOR = YES;
				GCC_WARN_UNINITIALIZED_AUTOS = YES_AGGRESSIVE;
				GCC_WARN_UNUSED_FUNCTION = YES;
				GCC_WARN_UNUSED_VARIABLE = YES;
				IPHONEOS_DEPLOYMENT_TARGET = 9.3;
				MTL_ENABLE_DEBUG_INFO = NO;
				SDKROOT = iphoneos;
				TARGETED_DEVICE_FAMILY = "1,2";
				VALIDATE_PRODUCT = YES;
			};
			name = Release;
		};
		491D3F021CC9494F00255EC5 /* Debug */ = {
			isa = XCBuildConfiguration;
			buildSettings = {
				ASSETCATALOG_COMPILER_APPICON_NAME = AppIcon;
				INFOPLIST_FILE = "Remember the Blackouts/Info.plist";
				LD_RUNPATH_SEARCH_PATHS = "$(inherited) @executable_path/Frameworks";
				PRODUCT_BUNDLE_IDENTIFIER = "com.ironyardstudent.Remember-the-Blackouts";
				PRODUCT_NAME = "$(TARGET_NAME)";
			};
			name = Debug;
		};
		491D3F031CC9494F00255EC5 /* Release */ = {
			isa = XCBuildConfiguration;
			buildSettings = {
				ASSETCATALOG_COMPILER_APPICON_NAME = AppIcon;
				INFOPLIST_FILE = "Remember the Blackouts/Info.plist";
				LD_RUNPATH_SEARCH_PATHS = "$(inherited) @executable_path/Frameworks";
				PRODUCT_BUNDLE_IDENTIFIER = "com.ironyardstudent.Remember-the-Blackouts";
				PRODUCT_NAME = "$(TARGET_NAME)";
			};
			name = Release;
		};
/* End XCBuildConfiguration section */

/* Begin XCConfigurationList section */
		491D3EE21CC9494F00255EC5 /* Build configuration list for PBXProject "Remember the Blackouts" */ = {
			isa = XCConfigurationList;
			buildConfigurations = (
				491D3EFF1CC9494F00255EC5 /* Debug */,
				491D3F001CC9494F00255EC5 /* Release */,
			);
			defaultConfigurationIsVisible = 0;
			defaultConfigurationName = Release;
		};
		491D3F011CC9494F00255EC5 /* Build configuration list for PBXNativeTarget "Remember the Blackouts" */ = {
			isa = XCConfigurationList;
			buildConfigurations = (
				491D3F021CC9494F00255EC5 /* Debug */,
				491D3F031CC9494F00255EC5 /* Release */,
			);
			defaultConfigurationIsVisible = 0;
			defaultConfigurationName = Release;
		};
/* End XCConfigurationList section */

/* Begin XCVersionGroup section */
		491D3EF61CC9494F00255EC5 /* Remember_the_Blackouts.xcdatamodeld */ = {
			isa = XCVersionGroup;
			children = (
				491D3EF71CC9494F00255EC5 /* Remember_the_Blackouts.xcdatamodel */,
			);
			currentVersion = 491D3EF71CC9494F00255EC5 /* Remember_the_Blackouts.xcdatamodel */;
			path = Remember_the_Blackouts.xcdatamodeld;
			sourceTree = "<group>";
			versionGroupType = wrapper.xcdatamodel;
		};
/* End XCVersionGroup section */
	};
	rootObject = 491D3EDF1CC9494F00255EC5 /* Project object */;
}
